
Microsoft Visual Studio Solution File, Format Version 12.00
# Visual Studio 15
VisualStudioVersion = 15.0.27703.2042
MinimumVisualStudioVersion = 10.0.40219.1
Project("{FAE04EC0-301F-11D3-BF4B-00C04F79EFBC}") = "HotterWeb", "HotterWeb\HotterWeb.csproj", "{59668B24-EE88-41AE-8585-44F10F8611CE}"
EndProject
Global
	GlobalSection(SolutionConfigurationPlatforms) = preSolution
		Debug|Any CPU = Debug|Any CPU
		Release|Any CPU = Release|Any CPU
	EndGlobalSection
	GlobalSection(ProjectConfigurationPlatforms) = postSolution
		{59668B24-EE88-41AE-8585-44F10F8611CE}.Debug|Any CPU.ActiveCfg = Debug|Any CPU
		{59668B24-EE88-41AE-8585-44F10F8611CE}.Debug|Any CPU.Build.0 = Debug|Any CPU
		{59668B24-EE88-41AE-8585-44F10F8611CE}.Release|Any CPU.ActiveCfg = Release|Any CPU
		{59668B24-EE88-41AE-8585-44F10F8611CE}.Release|Any CPU.Build.0 = Release|Any CPU
	EndGlobalSection
	GlobalSection(SolutionProperties) = preSolution
		HideSolutionNode = FALSE
	EndGlobalSection
	GlobalSection(ExtensibilityGlobals) = postSolution
		SolutionGuid = {79E01ED5-FDC6-430E-A5C2-6DEA14386FDB}
	EndGlobalSection
EndGlobal
